
Microsoft Visual Studio Solution File, Format Version 12.00
# Visual Studio 2013
VisualStudioVersion = 12.0.31101.0
MinimumVisualStudioVersion = 10.0.40219.1
Project("{FAE04EC0-301F-11D3-BF4B-00C04F79EFBC}") = "Zim.Tech.TravelConnect", "Zim.Tech.TravelConnect\Zim.Tech.TravelConnect.csproj", "{6DFCB2DD-6094-42B4-AB01-1FB5CC2A2161}"
EndProject
Project("{FAE04EC0-301F-11D3-BF4B-00C04F79EFBC}") = "Zim.Tech.TravelConnect.UnitTest", "Zim.Tech.TravelConnect.UnitTest\Zim.Tech.TravelConnect.UnitTest.csproj", "{F738D01E-32FF-479D-BAD9-7C04A458EFEC}"
EndProject
Global
	GlobalSection(SolutionConfigurationPlatforms) = preSolution
		Debug|Any CPU = Debug|Any CPU
		Release|Any CPU = Release|Any CPU
	EndGlobalSection
	GlobalSection(ProjectConfigurationPlatforms) = postSolution
		{6DFCB2DD-6094-42B4-AB01-1FB5CC2A2161}.Debug|Any CPU.ActiveCfg = Debug|Any CPU
		{6DFCB2DD-6094-42B4-AB01-1FB5CC2A2161}.Debug|Any CPU.Build.0 = Debug|Any CPU
		{6DFCB2DD-6094-42B4-AB01-1FB5CC2A2161}.Release|Any CPU.ActiveCfg = Release|Any CPU
		{6DFCB2DD-6094-42B4-AB01-1FB5CC2A2161}.Release|Any CPU.Build.0 = Release|Any CPU
		{F738D01E-32FF-479D-BAD9-7C04A458EFEC}.Debug|Any CPU.ActiveCfg = Debug|Any CPU
		{F738D01E-32FF-479D-BAD9-7C04A458EFEC}.Debug|Any CPU.Build.0 = Debug|Any CPU
		{F738D01E-32FF-479D-BAD9-7C04A458EFEC}.Release|Any CPU.ActiveCfg = Release|Any CPU
		{F738D01E-32FF-479D-BAD9-7C04A458EFEC}.Release|Any CPU.Build.0 = Release|Any CPU
	EndGlobalSection
	GlobalSection(SolutionProperties) = preSolution
		HideSolutionNode = FALSE
	EndGlobalSection
EndGlobal
